
Microsoft Visual Studio Solution File, Format Version 12.00
# Visual Studio Version 17
VisualStudioVersion = 17.6.33723.286
MinimumVisualStudioVersion = 10.0.40219.1
Project("{FAE04EC0-301F-11D3-BF4B-00C04F79EFBC}") = "WebAppMVC", "WebAppMVC\WebAppMVC.csproj", "{9CB94C56-CFD5-4B23-B9E7-5DB43769674D}"
EndProject
Global
	GlobalSection(SolutionConfigurationPlatforms) = preSolution
		Debug|Any CPU = Debug|Any CPU
		Release|Any CPU = Release|Any CPU
	EndGlobalSection
	GlobalSection(ProjectConfigurationPlatforms) = postSolution
		{9CB94C56-CFD5-4B23-B9E7-5DB43769674D}.Debug|Any CPU.ActiveCfg = Debug|Any CPU
		{9CB94C56-CFD5-4B23-B9E7-5DB43769674D}.Debug|Any CPU.Build.0 = Debug|Any CPU
		{9CB94C56-CFD5-4B23-B9E7-5DB43769674D}.Release|Any CPU.ActiveCfg = Release|Any CPU
		{9CB94C56-CFD5-4B23-B9E7-5DB43769674D}.Release|Any CPU.Build.0 = Release|Any CPU
	EndGlobalSection
	GlobalSection(SolutionProperties) = preSolution
		HideSolutionNode = FALSE
	EndGlobalSection
	GlobalSection(ExtensibilityGlobals) = postSolution
		SolutionGuid = {C5541918-8026-46ED-875D-2DB776A7FD93}
	EndGlobalSection
EndGlobal
